{
  "name": "udp-airband-server",
  "version": "1.8-preview",
  "lockfileVersion": 3,
  "requires": true,
  "packages": {
    "": {
      "name": "udp-airband-server",
      "version": "1.8-preview",
      "license": "MIT",
      "dependencies": {
        "altcha": "^3.2.1",
        "altcha-lib": "^2.3.2"
      },
      "engines": {
        "node": ">=18.20"
      }
    },
    "node_modules/altcha": {
      "version": "3.2.1",
      "resolved": "https://registry.npmjs.org/altcha/-/altcha-3.2.1.tgz",
      "integrity": "sha512-MXsnNmgg3BGJja0DXbflv9Bp29uyGv6wUImaaT1yLxCKOj+x9QBMpi/Vdh6XbP4Uf0PykaeQwl8ivJAvIhoo0A==",
      "license": "MIT",
      "dependencies": {
        "hash-wasm": "^4.12.0"
      }
    },
    "node_modules/altcha-lib": {
      "version": "2.3.2",
      "resolved": "https://registry.npmjs.org/altcha-lib/-/altcha-lib-2.3.2.tgz",
      "integrity": "sha512-puJp4aPn/kK2t5Z3dQkbFTmPusaYPkdlrXB4feWZzdNIiC3sPndKMlcjQFUU3a+sVlUt6DJhfWK2+HiwDBbW1Q==",
      "license": "MIT",
      "bin": {
        "altcha-lib": "bin/cli.mjs"
      },
      "peerDependencies": {
        "@fastify/cookie": "^11.0.0",
        "@fastify/cors": "^11.0.0",
        "@fastify/formbody": "^8.0.0",
        "@nestjs/common": "^10.0.0 || ^11.0.0",
        "@nestjs/core": "^10.0.0 || ^11.0.0",
        "@nestjs/platform-express": "^10.0.0 || ^11.0.0",
        "@sveltejs/kit": "^2.0.0",
        "cookie-parser": "^1.0.0",
        "cors": "^2.0.0",
        "express": "^4.0.0 || ^5.0.0",
        "fastify": "^5.0.0",
        "h3": "^2.0.0",
        "hono": "^4.0.0"
      },
      "peerDependenciesMeta": {
        "@fastify/cookie": {
          "optional": true
        },
        "@fastify/cors": {
          "optional": true
        },
        "@fastify/formbody": {
          "optional": true
        },
        "@nestjs/common": {
          "optional": true
        },
        "@nestjs/core": {
          "optional": true
        },
        "@nestjs/platform-express": {
          "optional": true
        },
        "@sveltejs/kit": {
          "optional": true
        },
        "cookie-parser": {
          "optional": true
        },
        "cors": {
          "optional": true
        },
        "express": {
          "optional": true
        },
        "fastify": {
          "optional": true
        },
        "h3": {
          "optional": true
        },
        "hono": {
          "optional": true
        }
      }
    },
    "node_modules/hash-wasm": {
      "version": "4.12.0",
      "resolved": "https://registry.npmjs.org/hash-wasm/-/hash-wasm-4.12.0.tgz",
      "integrity": "sha512-+/2B2rYLb48I/evdOIhP+K/DD2ca2fgBjp6O+GBEnCDk2e4rpeXIK8GvIyRPjTezgmWn9gmKwkQjjx6BtqDHVQ==",
      "license": "MIT"
    }
  }
}
